
Microsoft Visual Studio Solution File, Format Version 12.00
# Visual Studio Version 17
VisualStudioVersion = 17.13.35931.197 d17.13
MinimumVisualStudioVersion = 10.0.40219.1
Project("{FAE04EC0-301F-11D3-BF4B-00C04F79EFBC}") = "BarcodeScannerBlazor", "BarcodeScannerBlazor\BarcodeScannerBlazor.csproj", "{2BE47DBD-E38F-42C5-B88D-14E4E26D9FDF}"
EndProject
Global
	GlobalSection(SolutionConfigurationPlatforms) = preSolution
		Debug|Any CPU = Debug|Any CPU
		Release|Any CPU = Release|Any CPU
	EndGlobalSection
	GlobalSection(ProjectConfigurationPlatforms) = postSolution
		{2BE47DBD-E38F-42C5-B88D-14E4E26D9FDF}.Debug|Any CPU.ActiveCfg = Debug|Any CPU
		{2BE47DBD-E38F-42C5-B88D-14E4E26D9FDF}.Debug|Any CPU.Build.0 = Debug|Any CPU
		{2BE47DBD-E38F-42C5-B88D-14E4E26D9FDF}.Release|Any CPU.ActiveCfg = Release|Any CPU
		{2BE47DBD-E38F-42C5-B88D-14E4E26D9FDF}.Release|Any CPU.Build.0 = Release|Any CPU
	EndGlobalSection
	GlobalSection(SolutionProperties) = preSolution
		HideSolutionNode = FALSE
	EndGlobalSection
	GlobalSection(ExtensibilityGlobals) = postSolution
		SolutionGuid = {F58A8DB3-D7E7-4302-A85B-D1F8E0C00EE1}
	EndGlobalSection
EndGlobal
